
Microsoft Visual Studio Solution File, Format Version 11.00
# Visual Studio 2010
Project("{FAE04EC0-301F-11D3-BF4B-00C04F79EFBC}") = "Domain", "Domain\Domain.csproj", "{EFD58193-1C05-4EE2-B18D-3A40E35AC071}"
EndProject
Project("{FAE04EC0-301F-11D3-BF4B-00C04F79EFBC}") = "NHibernateTest", "NHibernateTest\NHibernateTest.csproj", "{29D9CDF0-15AA-489A-83E5-C8FC1BD98040}"
EndProject
Project("{FAE04EC0-301F-11D3-BF4B-00C04F79EFBC}") = "Dao", "Dao\Dao.csproj", "{C8E6D49E-BC9B-4576-B0D7-BB4D16ED7F7A}"
EndProject
Global
	GlobalSection(SolutionConfigurationPlatforms) = preSolution
		Debug|Any CPU = Debug|Any CPU
		Release|Any CPU = Release|Any CPU
	EndGlobalSection
	GlobalSection(ProjectConfigurationPlatforms) = postSolution
		{EFD58193-1C05-4EE2-B18D-3A40E35AC071}.Debug|Any CPU.ActiveCfg = Debug|Any CPU
		{EFD58193-1C05-4EE2-B18D-3A40E35AC071}.Debug|Any CPU.Build.0 = Debug|Any CPU
		{EFD58193-1C05-4EE2-B18D-3A40E35AC071}.Release|Any CPU.ActiveCfg = Release|Any CPU
		{EFD58193-1C05-4EE2-B18D-3A40E35AC071}.Release|Any CPU.Build.0 = Release|Any CPU
		{29D9CDF0-15AA-489A-83E5-C8FC1BD98040}.Debug|Any CPU.ActiveCfg = Debug|Any CPU
		{29D9CDF0-15AA-489A-83E5-C8FC1BD98040}.Debug|Any CPU.Build.0 = Debug|Any CPU
		{29D9CDF0-15AA-489A-83E5-C8FC1BD98040}.Release|Any CPU.ActiveCfg = Release|Any CPU
		{29D9CDF0-15AA-489A-83E5-C8FC1BD98040}.Release|Any CPU.Build.0 = Release|Any CPU
		{C8E6D49E-BC9B-4576-B0D7-BB4D16ED7F7A}.Debug|Any CPU.ActiveCfg = Debug|Any CPU
		{C8E6D49E-BC9B-4576-B0D7-BB4D16ED7F7A}.Debug|Any CPU.Build.0 = Debug|Any CPU
		{C8E6D49E-BC9B-4576-B0D7-BB4D16ED7F7A}.Release|Any CPU.ActiveCfg = Release|Any CPU
		{C8E6D49E-BC9B-4576-B0D7-BB4D16ED7F7A}.Release|Any CPU.Build.0 = Release|Any CPU
	EndGlobalSection
	GlobalSection(SolutionProperties) = preSolution
		HideSolutionNode = FALSE
	EndGlobalSection
EndGlobal
